
Microsoft Visual Studio Solution File, Format Version 10.00
# Visual Studio 2008
Project("{8BC9CEB8-8B4A-11D0-8D11-00A0C91BC942}") = "game", "game\game.vcproj", "{900F4FA4-C3AC-4E49-9B38-DE8A8B4C8FFB}"
EndProject
Global
	GlobalSection(SolutionConfigurationPlatforms) = preSolution
		Debug|Win32 = Debug|Win32
		DebugDLL|Win32 = DebugDLL|Win32
		Release|Win32 = Release|Win32
		ReleaseDLL|Win32 = ReleaseDLL|Win32
		Shipping|Win32 = Shipping|Win32
		ShippingDLL|Win32 = ShippingDLL|Win32
	EndGlobalSection
	GlobalSection(ProjectConfigurationPlatforms) = postSolution
		{900F4FA4-C3AC-4E49-9B38-DE8A8B4C8FFB}.Debug|Win32.ActiveCfg = Debug|Win32
		{900F4FA4-C3AC-4E49-9B38-DE8A8B4C8FFB}.Debug|Win32.Build.0 = Debug|Win32
		{900F4FA4-C3AC-4E49-9B38-DE8A8B4C8FFB}.DebugDLL|Win32.ActiveCfg = Debug|Win32
		{900F4FA4-C3AC-4E49-9B38-DE8A8B4C8FFB}.DebugDLL|Win32.Build.0 = Debug|Win32
		{900F4FA4-C3AC-4E49-9B38-DE8A8B4C8FFB}.Release|Win32.ActiveCfg = Release|Win32
		{900F4FA4-C3AC-4E49-9B38-DE8A8B4C8FFB}.Release|Win32.Build.0 = Release|Win32
		{900F4FA4-C3AC-4E49-9B38-DE8A8B4C8FFB}.ReleaseDLL|Win32.ActiveCfg = Release|Win32
		{900F4FA4-C3AC-4E49-9B38-DE8A8B4C8FFB}.ReleaseDLL|Win32.Build.0 = Release|Win32
		{900F4FA4-C3AC-4E49-9B38-DE8A8B4C8FFB}.Shipping|Win32.ActiveCfg = Release|Win32
		{900F4FA4-C3AC-4E49-9B38-DE8A8B4C8FFB}.Shipping|Win32.Build.0 = Release|Win32
		{900F4FA4-C3AC-4E49-9B38-DE8A8B4C8FFB}.ShippingDLL|Win32.ActiveCfg = Release|Win32
		{900F4FA4-C3AC-4E49-9B38-DE8A8B4C8FFB}.ShippingDLL|Win32.Build.0 = Release|Win32
	EndGlobalSection
	GlobalSection(SolutionProperties) = preSolution
		HideSolutionNode = FALSE
	EndGlobalSection
EndGlobal
